{
  "version": 4,
  "terraform_version": "1.6.0",
  "serial": 9,
  "lineage": "5e0d6c09-bd60-f5ba-3d11-542017c964bc",
  "outputs": {},
  "resources": [
    {
      "mode": "managed",
      "type": "google_bigquery_dataset",
      "name": "dataset",
      "provider": "provider[\"registry.terraform.io/hashicorp/google\"]",
      "instances": [
        {
          "schema_version": 0,
          "attributes": {
            "access": [
              {
                "dataset": [],
                "domain": "",
                "group_by_email": "",
                "role": "OWNER",
                "routine": [],
                "special_group": "",
                "user_by_email": "taku.kotegawa@gmail.com",
                "view": []
              },
              {
                "dataset": [],
                "domain": "",
                "group_by_email": "",
                "role": "OWNER",
                "routine": [],
                "special_group": "projectOwners",
                "user_by_email": "",
                "view": []
              },
              {
                "dataset": [],
                "domain": "",
                "group_by_email": "",
                "role": "READER",
                "routine": [],
                "special_group": "projectReaders",
                "user_by_email": "",
                "view": []
              },
              {
                "dataset": [],
                "domain": "",
                "group_by_email": "",
                "role": "WRITER",
                "routine": [],
                "special_group": "projectWriters",
                "user_by_email": "",
                "view": []
              }
            ],
            "creation_time": 1696750855416,
            "dataset_id": "example_dataset",
            "default_collation": "",
            "default_encryption_configuration": [],
            "default_partition_expiration_ms": 5184000000,
            "default_table_expiration_ms": 5184000000,
            "delete_contents_on_destroy": false,
            "description": "This is a test description",
            "effective_labels": {},
            "etag": "AL1lxwlNSTw6Bjt9avkg+g==",
            "friendly_name": "test",
            "id": "projects/our-truth-399407/datasets/example_dataset",
            "is_case_insensitive": false,
            "labels": {},
            "last_modified_time": 1696750855416,
            "location": "asia-northeast1",
            "max_time_travel_hours": "",
            "project": "our-truth-399407",
            "self_link": "https://bigquery.googleapis.com/bigquery/v2/projects/our-truth-399407/datasets/example_dataset",
            "storage_billing_model": "",
            "terraform_labels": {},
            "timeouts": null
          },
          "sensitive_attributes": [],
          "private": "eyJlMmJmYjczMC1lY2FhLTExZTYtOGY4OC0zNDM2M2JjN2M0YzAiOnsiY3JlYXRlIjoxMjAwMDAwMDAwMDAwLCJkZWxldGUiOjEyMDAwMDAwMDAwMDAsInVwZGF0ZSI6MTIwMDAwMDAwMDAwMH19"
        }
      ]
    },
    {
      "mode": "managed",
      "type": "google_bigquery_routine",
      "name": "read_t_users",
      "provider": "provider[\"registry.terraform.io/hashicorp/google\"]",
      "instances": [
        {
          "schema_version": 0,
          "attributes": {
            "arguments": [],
            "creation_time": 1696751093320,
            "dataset_id": "example_dataset",
            "definition_body": "BEGIN\nselect * from `example_dataset.t_users`;\nEND\n",
            "description": "",
            "determinism_level": "",
            "id": "projects/our-truth-399407/datasets/example_dataset/routines/read_t_users",
            "imported_libraries": [],
            "language": "SQL",
            "last_modified_time": 1696751156530,
            "project": "our-truth-399407",
            "return_table_type": "",
            "return_type": "",
            "routine_id": "read_t_users",
            "routine_type": "PROCEDURE",
            "timeouts": null
          },
          "sensitive_attributes": [],
          "private": "eyJlMmJmYjczMC1lY2FhLTExZTYtOGY4OC0zNDM2M2JjN2M0YzAiOnsiY3JlYXRlIjoxMjAwMDAwMDAwMDAwLCJkZWxldGUiOjEyMDAwMDAwMDAwMDAsInVwZGF0ZSI6MTIwMDAwMDAwMDAwMH19",
          "dependencies": [
            "google_bigquery_dataset.dataset"
          ]
        }
      ]
    },
    {
      "mode": "managed",
      "type": "google_bigquery_routine",
      "name": "read_t_users2",
      "provider": "provider[\"registry.terraform.io/hashicorp/google\"]",
      "instances": [
        {
          "schema_version": 0,
          "attributes": {
            "arguments": [],
            "creation_time": 1696751093807,
            "dataset_id": "example_dataset",
            "definition_body": "BEGIN\nselect * from `example_dataset.t_users`;\nEND\n",
            "description": "",
            "determinism_level": "",
            "id": "projects/our-truth-399407/datasets/example_dataset/routines/read_t_users2",
            "imported_libraries": [],
            "language": "SQL",
            "last_modified_time": 1696751157113,
            "project": "our-truth-399407",
            "return_table_type": "",
            "return_type": "",
            "routine_id": "read_t_users2",
            "routine_type": "PROCEDURE",
            "timeouts": null
          },
          "sensitive_attributes": [],
          "private": "eyJlMmJmYjczMC1lY2FhLTExZTYtOGY4OC0zNDM2M2JjN2M0YzAiOnsiY3JlYXRlIjoxMjAwMDAwMDAwMDAwLCJkZWxldGUiOjEyMDAwMDAwMDAwMDAsInVwZGF0ZSI6MTIwMDAwMDAwMDAwMH19",
          "dependencies": [
            "google_bigquery_dataset.dataset"
          ]
        }
      ]
    },
    {
      "mode": "managed",
      "type": "google_bigquery_table",
      "name": "t_users",
      "provider": "provider[\"registry.terraform.io/hashicorp/google\"]",
      "instances": [
        {
          "schema_version": 0,
          "attributes": {
            "clustering": null,
            "creation_time": 1696750857144,
            "dataset_id": "example_dataset",
            "deletion_protection": false,
            "description": "",
            "effective_labels": {},
            "encryption_configuration": [],
            "etag": "CgX4aiUha6DbF6+CFQUTZQ==",
            "expiration_time": 1701934857144,
            "external_data_configuration": [],
            "friendly_name": "",
            "id": "projects/our-truth-399407/datasets/example_dataset/tables/t_users",
            "labels": {},
            "last_modified_time": 1696750857236,
            "location": "asia-northeast1",
            "materialized_view": [],
            "max_staleness": "",
            "num_bytes": 0,
            "num_long_term_bytes": 0,
            "num_rows": 0,
            "project": "our-truth-399407",
            "range_partitioning": [],
            "schema": "[{\"description\":\"user id\",\"mode\":\"REQUIRED\",\"name\":\"user_id\",\"type\":\"INTEGER\"},{\"description\":\"user name\",\"mode\":\"NULLABLE\",\"name\":\"name\",\"type\":\"STRING\"},{\"description\":\"user last name 日本語\",\"mode\":\"REQUIRED\",\"name\":\"last_name\",\"type\":\"STRING\"},{\"description\":\"created date\",\"mode\":\"REQUIRED\",\"name\":\"dateday\",\"type\":\"DATE\"}]",
            "self_link": "https://bigquery.googleapis.com/bigquery/v2/projects/our-truth-399407/datasets/example_dataset/tables/t_users",
            "table_constraints": [],
            "table_id": "t_users",
            "terraform_labels": {},
            "time_partitioning": [],
            "type": "TABLE",
            "view": []
          },
          "sensitive_attributes": [],
          "private": "bnVsbA==",
          "dependencies": [
            "google_bigquery_dataset.dataset"
          ]
        }
      ]
    }
  ],
  "check_results": null
}
